
Microsoft Visual Studio Solution File, Format Version 12.00
# Visual Studio Version 17
VisualStudioVersion = 17.9.34607.119
MinimumVisualStudioVersion = 10.0.40219.1
Project("{FAE04EC0-301F-11D3-BF4B-00C04F79EFBC}") = "ASPNET-WebForm-Test", "ASPNET-WebForm-Test.csproj", "{C1B245AA-6702-4CD1-B1D8-B3B06C4D0601}"
EndProject
Global
	GlobalSection(SolutionConfigurationPlatforms) = preSolution
		Debug|Any CPU = Debug|Any CPU
		Release|Any CPU = Release|Any CPU
	EndGlobalSection
	GlobalSection(ProjectConfigurationPlatforms) = postSolution
		{C1B245AA-6702-4CD1-B1D8-B3B06C4D0601}.Debug|Any CPU.ActiveCfg = Debug|Any CPU
		{C1B245AA-6702-4CD1-B1D8-B3B06C4D0601}.Debug|Any CPU.Build.0 = Debug|Any CPU
		{C1B245AA-6702-4CD1-B1D8-B3B06C4D0601}.Release|Any CPU.ActiveCfg = Release|Any CPU
		{C1B245AA-6702-4CD1-B1D8-B3B06C4D0601}.Release|Any CPU.Build.0 = Release|Any CPU
	EndGlobalSection
	GlobalSection(SolutionProperties) = preSolution
		HideSolutionNode = FALSE
	EndGlobalSection
	GlobalSection(ExtensibilityGlobals) = postSolution
		SolutionGuid = {A3179771-69F2-4823-A5BF-4B5ABF03F652}
	EndGlobalSection
EndGlobal
